
Microsoft Visual Studio Solution File, Format Version 12.00
# Visual Studio Version 17
VisualStudioVersion = 17.0.32126.317
MinimumVisualStudioVersion = 10.0.40219.1
Project("{9A19103F-16F7-4668-BE54-9A1E7A4F7556}") = "API QuanTri", "API QuanTri\API QuanTri.csproj", "{E77E4F05-3507-4DE5-9B15-0C0A688A8BBD}"
EndProject
Project("{9A19103F-16F7-4668-BE54-9A1E7A4F7556}") = "Model", "Model\Model.csproj", "{7EB404D7-B6C4-478E-BB93-3249B064129B}"
EndProject
Project("{9A19103F-16F7-4668-BE54-9A1E7A4F7556}") = "BLL", "BLL\BLL.csproj", "{CF0BCF7F-97EB-4C66-9B91-3B6FDB712045}"
EndProject
Project("{9A19103F-16F7-4668-BE54-9A1E7A4F7556}") = "DAL", "DAL\DAL.csproj", "{CA5B8ABF-9D8D-4514-B95C-C51DA5B23CC8}"
EndProject
Project("{FAE04EC0-301F-11D3-BF4B-00C04F79EFBC}") = "API NguoiDung", "API NguoiDung\API NguoiDung.csproj", "{3721966B-C72C-4CEF-B4FA-6AA8B3A9983D}"
EndProject
Global
	GlobalSection(SolutionConfigurationPlatforms) = preSolution
		Debug|Any CPU = Debug|Any CPU
		Release|Any CPU = Release|Any CPU
	EndGlobalSection
	GlobalSection(ProjectConfigurationPlatforms) = postSolution
		{E77E4F05-3507-4DE5-9B15-0C0A688A8BBD}.Debug|Any CPU.ActiveCfg = Debug|Any CPU
		{E77E4F05-3507-4DE5-9B15-0C0A688A8BBD}.Debug|Any CPU.Build.0 = Debug|Any CPU
		{E77E4F05-3507-4DE5-9B15-0C0A688A8BBD}.Release|Any CPU.ActiveCfg = Release|Any CPU
		{E77E4F05-3507-4DE5-9B15-0C0A688A8BBD}.Release|Any CPU.Build.0 = Release|Any CPU
		{7EB404D7-B6C4-478E-BB93-3249B064129B}.Debug|Any CPU.ActiveCfg = Debug|Any CPU
		{7EB404D7-B6C4-478E-BB93-3249B064129B}.Debug|Any CPU.Build.0 = Debug|Any CPU
		{7EB404D7-B6C4-478E-BB93-3249B064129B}.Release|Any CPU.ActiveCfg = Release|Any CPU
		{7EB404D7-B6C4-478E-BB93-3249B064129B}.Release|Any CPU.Build.0 = Release|Any CPU
		{CF0BCF7F-97EB-4C66-9B91-3B6FDB712045}.Debug|Any CPU.ActiveCfg = Debug|Any CPU
		{CF0BCF7F-97EB-4C66-9B91-3B6FDB712045}.Debug|Any CPU.Build.0 = Debug|Any CPU
		{CF0BCF7F-97EB-4C66-9B91-3B6FDB712045}.Release|Any CPU.ActiveCfg = Release|Any CPU
		{CF0BCF7F-97EB-4C66-9B91-3B6FDB712045}.Release|Any CPU.Build.0 = Release|Any CPU
		{CA5B8ABF-9D8D-4514-B95C-C51DA5B23CC8}.Debug|Any CPU.ActiveCfg = Debug|Any CPU
		{CA5B8ABF-9D8D-4514-B95C-C51DA5B23CC8}.Debug|Any CPU.Build.0 = Debug|Any CPU
		{CA5B8ABF-9D8D-4514-B95C-C51DA5B23CC8}.Release|Any CPU.ActiveCfg = Release|Any CPU
		{CA5B8ABF-9D8D-4514-B95C-C51DA5B23CC8}.Release|Any CPU.Build.0 = Release|Any CPU
		{3721966B-C72C-4CEF-B4FA-6AA8B3A9983D}.Debug|Any CPU.ActiveCfg = Debug|Any CPU
		{3721966B-C72C-4CEF-B4FA-6AA8B3A9983D}.Debug|Any CPU.Build.0 = Debug|Any CPU
		{3721966B-C72C-4CEF-B4FA-6AA8B3A9983D}.Release|Any CPU.ActiveCfg = Release|Any CPU
		{3721966B-C72C-4CEF-B4FA-6AA8B3A9983D}.Release|Any CPU.Build.0 = Release|Any CPU
	EndGlobalSection
	GlobalSection(SolutionProperties) = preSolution
		HideSolutionNode = FALSE
	EndGlobalSection
	GlobalSection(ExtensibilityGlobals) = postSolution
		SolutionGuid = {2BD1AB61-C878-4F04-B195-FA37C92B62DA}
	EndGlobalSection
EndGlobal
